{
  "name": "topdowngamebabylon",
  "version": "1.0.0",
  "lockfileVersion": 2,
  "requires": true,
  "packages": {
    "": {
      "name": "topdowngamebabylon",
      "version": "1.0.0",
      "license": "ISC",
      "dependencies": {
        "@babylonjs/core": "^5.1.0",
        "@babylonjs/gui-editor": "^5.5.0",
        "@babylonjs/inspector": "^5.1.0",
        "@babylonjs/loaders": "^5.1.0",
        "babylon-navigation-mesh": "^1.2.6",
        "earcut": "^2.2.3",
        "recast-detour": "^1.4.0"
      },
      "devDependencies": {
        "@types/earcut": "^2.1.1",
        "typescript": "^4.4.4",
        "vite": "^2.6.11"
      }
    },
    "node_modules/@babylonjs/core": {
      "version": "5.5.0",
      "resolved": "https://registry.npmjs.org/@babylonjs/core/-/core-5.5.0.tgz",
      "integrity": "sha512-TMGyvd+Kh1ROwygJixzSz4BzdLULbml4qkVVIxOk49sRRtn6O7wvdwXqvadnNTJZvd3NoLe7y4A68jbTU3UJig==",
      "dependencies": {
        "tslib": "^2.3.1"
      }
    },
    "node_modules/@babylonjs/gui": {
      "version": "5.5.0",
      "resolved": "https://registry.npmjs.org/@babylonjs/gui/-/gui-5.5.0.tgz",
      "integrity": "sha512-fMJSrMDOR5LGqmbW+4qMAyx8HG3WVdICIvkxVa6fUO6rPdM7pnzuR1ievOXAX80+2wiuTvwS9xBgM1IhCU1bzQ==",
      "dependencies": {
        "@babylonjs/core": "^5.5.0",
        "tslib": "^2.3.1"
      }
    },
    "node_modules/@babylonjs/gui-editor": {
      "version": "5.5.0",
      "resolved": "https://registry.npmjs.org/@babylonjs/gui-editor/-/gui-editor-5.5.0.tgz",
      "integrity": "sha512-Xw5qd8oX49ROmwS6asmTASnjuGyPdqw+6zPchLCKnmcF6Phnx1AbsFH7TLZ0xIZpZk2duhgSj6Z4PBV/IaNRIQ==",
      "dependencies": {
        "@babylonjs/core": "^5.5.0",
        "@babylonjs/gui": "^5.5.0"
      },
      "peerDependencies": {
        "@types/react": ">=16.7.3",
        "@types/react-dom": ">=16.0.9"
      }
    },
    "node_modules/@babylonjs/inspector": {
      "version": "5.5.0",
      "resolved": "https://registry.npmjs.org/@babylonjs/inspector/-/inspector-5.5.0.tgz",
      "integrity": "sha512-5wiQP1fxT0uh5WzC0porJmM4PHHNt9Czn60DEVV8aXC9R5fjlXtiNdbVSxtxB/JQ/Jh+jcx5FAIo44cV7NdpYw==",
      "dependencies": {
        "@babylonjs/core": "^5.5.0",
        "@babylonjs/gui": "^5.5.0",
        "@babylonjs/loaders": "^5.5.0",
        "@babylonjs/materials": "^5.5.0",
        "@babylonjs/serializers": "^5.5.0",
        "@fortawesome/fontawesome-svg-core": "^6.1.0",
        "@fortawesome/free-regular-svg-icons": "^6.0.0",
        "@fortawesome/free-solid-svg-icons": "^6.0.0"
      },
      "peerDependencies": {
        "@types/react": ">=16.7.3",
        "@types/react-dom": ">=16.0.9"
      }
    },
    "node_modules/@babylonjs/loaders": {
      "version": "5.5.0",
      "resolved": "https://registry.npmjs.org/@babylonjs/loaders/-/loaders-5.5.0.tgz",
      "integrity": "sha512-dQMxUIbtptwprEE1c/qGZY0uBWHE2DU12AuurPYoSM9ioJm/5Zcig3lmeRRZPbSrUq4sEWIYLGqgBSAEyXoa1w==",
      "dependencies": {
        "@babylonjs/core": "^5.5.0",
        "babylonjs-gltf2interface": "^5.5.0",
        "tslib": "^2.3.1"
      }
    },
    "node_modules/@babylonjs/materials": {
      "version": "5.5.0",
      "resolved": "https://registry.npmjs.org/@babylonjs/materials/-/materials-5.5.0.tgz",
      "integrity": "sha512-hApGW24ARDVlcseuK2VgKcPPsJ+Hn4C03LeSgDD45IHPXRf14kijkXTv+qzmeIHLIYz/zSuLs/A7ZTYxg/wZbA==",
      "dependencies": {
        "@babylonjs/core": "^5.5.0",
        "tslib": "^2.3.1"
      }
    },
    "node_modules/@babylonjs/serializers": {
      "version": "5.5.0",
      "resolved": "https://registry.npmjs.org/@babylonjs/serializers/-/serializers-5.5.0.tgz",
      "integrity": "sha512-K+MIrE7Zg8j47CMQNMwCudVv10p3Y+Vgb5tSby7UbGkMMz7ltqzr4E2VztTyfVB3HOXrnGh/BiPoqg9rqxH/Aw==",
      "dependencies": {
        "@babylonjs/core": "^5.5.0",
        "babylonjs-gltf2interface": "^5.5.0",
        "tslib": "^2.3.1"
      }
    },
    "node_modules/@fortawesome/fontawesome-common-types": {
      "version": "6.1.1",
      "resolved": "https://registry.npmjs.org/@fortawesome/fontawesome-common-types/-/fontawesome-common-types-6.1.1.tgz",
      "integrity": "sha512-wVn5WJPirFTnzN6tR95abCx+ocH+3IFLXAgyavnf9hUmN0CfWoDjPT/BAWsUVwSlYYVBeCLJxaqi7ZGe4uSjBA==",
      "hasInstallScript": true,
      "engines": {
        "node": ">=6"
      }
    },
    "node_modules/@fortawesome/fontawesome-svg-core": {
      "version": "6.1.1",
      "resolved": "https://registry.npmjs.org/@fortawesome/fontawesome-svg-core/-/fontawesome-svg-core-6.1.1.tgz",
      "integrity": "sha512-NCg0w2YIp81f4V6cMGD9iomfsIj7GWrqmsa0ZsPh59G7PKiGN1KymZNxmF00ssuAlo/VZmpK6xazsGOwzKYUMg==",
      "hasInstallScript": true,
      "dependencies": {
        "@fortawesome/fontawesome-common-types": "6.1.1"
      },
      "engines": {
        "node": ">=6"
      }
    },
    "node_modules/@fortawesome/free-regular-svg-icons": {
      "version": "6.1.1",
      "resolved": "https://registry.npmjs.org/@fortawesome/free-regular-svg-icons/-/free-regular-svg-icons-6.1.1.tgz",
      "integrity": "sha512-xXiW7hcpgwmWtndKPOzG+43fPH7ZjxOaoeyooptSztGmJxCAflHZxXNK0GcT0uEsR4jTGQAfGklDZE5NHoBhKg==",
      "hasInstallScript": true,
      "dependencies": {
        "@fortawesome/fontawesome-common-types": "6.1.1"
      },
      "engines": {
        "node": ">=6"
      }
    },
    "node_modules/@fortawesome/free-solid-svg-icons": {
      "version": "6.1.1",
      "resolved": "https://registry.npmjs.org/@fortawesome/free-solid-svg-icons/-/free-solid-svg-icons-6.1.1.tgz",
      "integrity": "sha512-0/5exxavOhI/D4Ovm2r3vxNojGZioPwmFrKg0ZUH69Q68uFhFPs6+dhAToh6VEQBntxPRYPuT5Cg1tpNa9JUPg==",
      "hasInstallScript": true,
      "dependencies": {
        "@fortawesome/fontawesome-common-types": "6.1.1"
      },
      "engines": {
        "node": ">=6"
      }
    },
    "node_modules/@types/earcut": {
      "version": "2.1.1",
      "resolved": "https://registry.npmjs.org/@types/earcut/-/earcut-2.1.1.tgz",
      "integrity": "sha512-w8oigUCDjElRHRRrMvn/spybSMyX8MTkKA5Dv+tS1IE/TgmNZPqUYtvYBXGY8cieSE66gm+szeK+bnbxC2xHTQ==",
      "dev": true
    },
    "node_modules/@types/prop-types": {
      "version": "15.7.5",
      "resolved": "https://registry.npmjs.org/@types/prop-types/-/prop-types-15.7.5.tgz",
      "integrity": "sha512-JCB8C6SnDoQf0cNycqd/35A7MjcnK+ZTqE7judS6o7utxUCg6imJg3QK2qzHKszlTjcj2cn+NwMB2i96ubpj7w==",
      "peer": true
    },
    "node_modules/@types/react": {
      "version": "18.0.8",
      "resolved": "https://registry.npmjs.org/@types/react/-/react-18.0.8.tgz",
      "integrity": "sha512-+j2hk9BzCOrrOSJASi5XiOyBbERk9jG5O73Ya4M0env5Ixi6vUNli4qy994AINcEF+1IEHISYFfIT4zwr++LKw==",
      "peer": true,
      "dependencies": {
        "@types/prop-types": "*",
        "@types/scheduler": "*",
        "csstype": "^3.0.2"
      }
    },
    "node_modules/@types/react-dom": {
      "version": "18.0.3",
      "resolved": "https://registry.npmjs.org/@types/react-dom/-/react-dom-18.0.3.tgz",
      "integrity": "sha512-1RRW9kst+67gveJRYPxGmVy8eVJ05O43hg77G2j5m76/RFJtMbcfAs2viQ2UNsvvDg8F7OfQZx8qQcl6ymygaQ==",
      "peer": true,
      "dependencies": {
        "@types/react": "*"
      }
    },
    "node_modules/@types/scheduler": {
      "version": "0.16.2",
      "resolved": "https://registry.npmjs.org/@types/scheduler/-/scheduler-0.16.2.tgz",
      "integrity": "sha512-hppQEBDmlwhFAXKJX2KnWLYu5yMfi91yazPb2l+lbJiwW+wdo1gNeRA+3RgNSO39WYX2euey41KEwnqesU2Jew==",
      "peer": true
    },
    "node_modules/abitbol": {
      "version": "1.2.0",
      "resolved": "https://registry.npmjs.org/abitbol/-/abitbol-1.2.0.tgz",
      "integrity": "sha1-fHtmzG5/Gj1Fh5jWDrcIiDZS7a0="
    },
    "node_modules/babylon-navigation-mesh": {
      "version": "1.2.6",
      "resolved": "https://registry.npmjs.org/babylon-navigation-mesh/-/babylon-navigation-mesh-1.2.6.tgz",
      "integrity": "sha1-EIl/qIL0XSqy4i0DR6UMIP8zhzo=",
      "dependencies": {
        "abitbol": "^1.0.3",
        "babylonjs": "^2.3.0",
        "lodash": "^4.5.1"
      }
    },
    "node_modules/babylonjs": {
      "version": "2.5.0",
      "resolved": "https://registry.npmjs.org/babylonjs/-/babylonjs-2.5.0.tgz",
      "integrity": "sha1-gucpIrbWgdRsdmrqqv2nT1cqbtM=",
      "engines": {
        "node": "*"
      }
    },
    "node_modules/babylonjs-gltf2interface": {
      "version": "5.5.0",
      "resolved": "https://registry.npmjs.org/babylonjs-gltf2interface/-/babylonjs-gltf2interface-5.5.0.tgz",
      "integrity": "sha512-H1lOFpQqOEa/ekZH/CkgJHYLnKy/3N78r9Wf7/Pt66byqpTGZ4UdbgRj9spYuMZyyJEF7eWFRKBlAl1hxcFOpA=="
    },
    "node_modules/csstype": {
      "version": "3.0.11",
      "resolved": "https://registry.npmjs.org/csstype/-/csstype-3.0.11.tgz",
      "integrity": "sha512-sa6P2wJ+CAbgyy4KFssIb/JNMLxFvKF1pCYCSXS8ZMuqZnMsrxqI2E5sPyoTpxoPU/gVZMzr2zjOfg8GIZOMsw==",
      "peer": true
    },
    "node_modules/earcut": {
      "version": "2.2.3",
      "resolved": "https://registry.npmjs.org/earcut/-/earcut-2.2.3.tgz",
      "integrity": "sha512-iRDI1QeCQIhMCZk48DRDMVgQSSBDmbzzNhnxIo+pwx3swkfjMh6vh0nWLq1NdvGHLKH6wIrAM3vQWeTj6qeoug=="
    },
    "node_modules/esbuild": {
      "version": "0.14.38",
      "resolved": "https://registry.npmjs.org/esbuild/-/esbuild-0.14.38.tgz",
      "integrity": "sha512-12fzJ0fsm7gVZX1YQ1InkOE5f9Tl7cgf6JPYXRJtPIoE0zkWAbHdPHVPPaLi9tYAcEBqheGzqLn/3RdTOyBfcA==",
      "dev": true,
      "hasInstallScript": true,
      "bin": {
        "esbuild": "bin/esbuild"
      },
      "engines": {
        "node": ">=12"
      },
      "optionalDependencies": {
        "esbuild-android-64": "0.14.38",
        "esbuild-android-arm64": "0.14.38",
        "esbuild-darwin-64": "0.14.38",
        "esbuild-darwin-arm64": "0.14.38",
        "esbuild-freebsd-64": "0.14.38",
        "esbuild-freebsd-arm64": "0.14.38",
        "esbuild-linux-32": "0.14.38",
        "esbuild-linux-64": "0.14.38",
        "esbuild-linux-arm": "0.14.38",
        "esbuild-linux-arm64": "0.14.38",
        "esbuild-linux-mips64le": "0.14.38",
        "esbuild-linux-ppc64le": "0.14.38",
        "esbuild-linux-riscv64": "0.14.38",
        "esbuild-linux-s390x": "0.14.38",
        "esbuild-netbsd-64": "0.14.38",
        "esbuild-openbsd-64": "0.14.38",
        "esbuild-sunos-64": "0.14.38",
        "esbuild-windows-32": "0.14.38",
        "esbuild-windows-64": "0.14.38",
        "esbuild-windows-arm64": "0.14.38"
      }
    },
    "node_modules/esbuild-android-64": {
      "version": "0.14.38",
      "resolved": "https://registry.npmjs.org/esbuild-android-64/-/esbuild-android-64-0.14.38.tgz",
      "integrity": "sha512-aRFxR3scRKkbmNuGAK+Gee3+yFxkTJO/cx83Dkyzo4CnQl/2zVSurtG6+G86EQIZ+w+VYngVyK7P3HyTBKu3nw==",
      "cpu": [
        "x64"
      ],
      "dev": true,
      "optional": true,
      "os": [
        "android"
      ],
      "engines": {
        "node": ">=12"
      }
    },
    "node_modules/esbuild-android-arm64": {
      "version": "0.14.38",
      "resolved": "https://registry.npmjs.org/esbuild-android-arm64/-/esbuild-android-arm64-0.14.38.tgz",
      "integrity": "sha512-L2NgQRWuHFI89IIZIlpAcINy9FvBk6xFVZ7xGdOwIm8VyhX1vNCEqUJO3DPSSy945Gzdg98cxtNt8Grv1CsyhA==",
      "cpu": [
        "arm64"
      ],
      "dev": true,
      "optional": true,
      "os": [
        "android"
      ],
      "engines": {
        "node": ">=12"
      }
    },
    "node_modules/esbuild-darwin-64": {
      "version": "0.14.38",
      "resolved": "https://registry.npmjs.org/esbuild-darwin-64/-/esbuild-darwin-64-0.14.38.tgz",
      "integrity": "sha512-5JJvgXkX87Pd1Og0u/NJuO7TSqAikAcQQ74gyJ87bqWRVeouky84ICoV4sN6VV53aTW+NE87qLdGY4QA2S7KNA==",
      "cpu": [
        "x64"
      ],
      "dev": true,
      "optional": true,
      "os": [
        "darwin"
      ],
      "engines": {
        "node": ">=12"
      }
    },
    "node_modules/esbuild-darwin-arm64": {
      "version": "0.14.38",
      "resolved": "https://registry.npmjs.org/esbuild-darwin-arm64/-/esbuild-darwin-arm64-0.14.38.tgz",
      "integrity": "sha512-eqF+OejMI3mC5Dlo9Kdq/Ilbki9sQBw3QlHW3wjLmsLh+quNfHmGMp3Ly1eWm981iGBMdbtSS9+LRvR2T8B3eQ==",
      "cpu": [
        "arm64"
      ],
      "dev": true,
      "optional": true,
      "os": [
        "darwin"
      ],
      "engines": {
        "node": ">=12"
      }
    },
    "node_modules/esbuild-freebsd-64": {
      "version": "0.14.38",
      "resolved": "https://registry.npmjs.org/esbuild-freebsd-64/-/esbuild-freebsd-64-0.14.38.tgz",
      "integrity": "sha512-epnPbhZUt93xV5cgeY36ZxPXDsQeO55DppzsIgWM8vgiG/Rz+qYDLmh5ts3e+Ln1wA9dQ+nZmVHw+RjaW3I5Ig==",
      "cpu": [
        "x64"
      ],
      "dev": true,
      "optional": true,
      "os": [
        "freebsd"
      ],
      "engines": {
        "node": ">=12"
      }
    },
    "node_modules/esbuild-freebsd-arm64": {
      "version": "0.14.38",
      "resolved": "https://registry.npmjs.org/esbuild-freebsd-arm64/-/esbuild-freebsd-arm64-0.14.38.tgz",
      "integrity": "sha512-/9icXUYJWherhk+y5fjPI5yNUdFPtXHQlwP7/K/zg8t8lQdHVj20SqU9/udQmeUo5pDFHMYzcEFfJqgOVeKNNQ==",
      "cpu": [
        "arm64"
      ],
      "dev": true,
      "optional": true,
      "os": [
        "freebsd"
      ],
      "engines": {
        "node": ">=12"
      }
    },
    "node_modules/esbuild-linux-32": {
      "version": "0.14.38",
      "resolved": "https://registry.npmjs.org/esbuild-linux-32/-/esbuild-linux-32-0.14.38.tgz",
      "integrity": "sha512-QfgfeNHRFvr2XeHFzP8kOZVnal3QvST3A0cgq32ZrHjSMFTdgXhMhmWdKzRXP/PKcfv3e2OW9tT9PpcjNvaq6g==",
      "cpu": [
        "ia32"
      ],
      "dev": true,
      "optional": true,
      "os": [
        "linux"
      ],
      "engines": {
        "node": ">=12"
      }
    },
    "node_modules/esbuild-linux-64": {
      "version": "0.14.38",
      "resolved": "https://registry.npmjs.org/esbuild-linux-64/-/esbuild-linux-64-0.14.38.tgz",
      "integrity": "sha512-uuZHNmqcs+Bj1qiW9k/HZU3FtIHmYiuxZ/6Aa+/KHb/pFKr7R3aVqvxlAudYI9Fw3St0VCPfv7QBpUITSmBR1Q==",
      "cpu": [
        "x64"
      ],
      "dev": true,
      "optional": true,
      "os": [
        "linux"
      ],
      "engines": {
        "node": ">=12"
      }
    },
    "node_modules/esbuild-linux-arm": {
      "version": "0.14.38",
      "resolved": "https://registry.npmjs.org/esbuild-linux-arm/-/esbuild-linux-arm-0.14.38.tgz",
      "integrity": "sha512-FiFvQe8J3VKTDXG01JbvoVRXQ0x6UZwyrU4IaLBZeq39Bsbatd94Fuc3F1RGqPF5RbIWW7RvkVQjn79ejzysnA==",
      "cpu": [
        "arm"
      ],
      "dev": true,
      "optional": true,
      "os": [
        "linux"
      ],
      "engines": {
        "node": ">=12"
      }
    },
    "node_modules/esbuild-linux-arm64": {
      "version": "0.14.38",
      "resolved": "https://registry.npmjs.org/esbuild-linux-arm64/-/esbuild-linux-arm64-0.14.38.tgz",
      "integrity": "sha512-HlMGZTEsBrXrivr64eZ/EO0NQM8H8DuSENRok9d+Jtvq8hOLzrxfsAT9U94K3KOGk2XgCmkaI2KD8hX7F97lvA==",
      "cpu": [
        "arm64"
      ],
      "dev": true,
      "optional": true,
      "os": [
        "linux"
      ],
      "engines": {
        "node": ">=12"
      }
    },
    "node_modules/esbuild-linux-mips64le": {
      "version": "0.14.38",
      "resolved": "https://registry.npmjs.org/esbuild-linux-mips64le/-/esbuild-linux-mips64le-0.14.38.tgz",
      "integrity": "sha512-qd1dLf2v7QBiI5wwfil9j0HG/5YMFBAmMVmdeokbNAMbcg49p25t6IlJFXAeLzogv1AvgaXRXvgFNhScYEUXGQ==",
      "cpu": [
        "mips64el"
      ],
      "dev": true,
      "optional": true,
      "os": [
        "linux"
      ],
      "engines": {
        "node": ">=12"
      }
    },
    "node_modules/esbuild-linux-ppc64le": {
      "version": "0.14.38",
      "resolved": "https://registry.npmjs.org/esbuild-linux-ppc64le/-/esbuild-linux-ppc64le-0.14.38.tgz",
      "integrity": "sha512-mnbEm7o69gTl60jSuK+nn+pRsRHGtDPfzhrqEUXyCl7CTOCLtWN2bhK8bgsdp6J/2NyS/wHBjs1x8aBWwP2X9Q==",
      "cpu": [
        "ppc64"
      ],
      "dev": true,
      "optional": true,
      "os": [
        "linux"
      ],
      "engines": {
        "node": ">=12"
      }
    },
    "node_modules/esbuild-linux-riscv64": {
      "version": "0.14.38",
      "resolved": "https://registry.npmjs.org/esbuild-linux-riscv64/-/esbuild-linux-riscv64-0.14.38.tgz",
      "integrity": "sha512-+p6YKYbuV72uikChRk14FSyNJZ4WfYkffj6Af0/Tw63/6TJX6TnIKE+6D3xtEc7DeDth1fjUOEqm+ApKFXbbVQ==",
      "cpu": [
        "riscv64"
      ],
      "dev": true,
      "optional": true,
      "os": [
        "linux"
      ],
      "engines": {
        "node": ">=12"
      }
    },
    "node_modules/esbuild-linux-s390x": {
      "version": "0.14.38",
      "resolved": "https://registry.npmjs.org/esbuild-linux-s390x/-/esbuild-linux-s390x-0.14.38.tgz",
      "integrity": "sha512-0zUsiDkGJiMHxBQ7JDU8jbaanUY975CdOW1YDrurjrM0vWHfjv9tLQsW9GSyEb/heSK1L5gaweRjzfUVBFoybQ==",
      "cpu": [
        "s390x"
      ],
      "dev": true,
      "optional": true,
      "os": [
        "linux"
      ],
      "engines": {
        "node": ">=12"
      }
    },
    "node_modules/esbuild-netbsd-64": {
      "version": "0.14.38",
      "resolved": "https://registry.npmjs.org/esbuild-netbsd-64/-/esbuild-netbsd-64-0.14.38.tgz",
      "integrity": "sha512-cljBAApVwkpnJZfnRVThpRBGzCi+a+V9Ofb1fVkKhtrPLDYlHLrSYGtmnoTVWDQdU516qYI8+wOgcGZ4XIZh0Q==",
      "cpu": [
        "x64"
      ],
      "dev": true,
      "optional": true,
      "os": [
        "netbsd"
      ],
      "engines": {
        "node": ">=12"
      }
    },
    "node_modules/esbuild-openbsd-64": {
      "version": "0.14.38",
      "resolved": "https://registry.npmjs.org/esbuild-openbsd-64/-/esbuild-openbsd-64-0.14.38.tgz",
      "integrity": "sha512-CDswYr2PWPGEPpLDUO50mL3WO/07EMjnZDNKpmaxUPsrW+kVM3LoAqr/CE8UbzugpEiflYqJsGPLirThRB18IQ==",
      "cpu": [
        "x64"
      ],
      "dev": true,
      "optional": true,
      "os": [
        "openbsd"
      ],
      "engines": {
        "node": ">=12"
      }
    },
    "node_modules/esbuild-sunos-64": {
      "version": "0.14.38",
      "resolved": "https://registry.npmjs.org/esbuild-sunos-64/-/esbuild-sunos-64-0.14.38.tgz",
      "integrity": "sha512-2mfIoYW58gKcC3bck0j7lD3RZkqYA7MmujFYmSn9l6TiIcAMpuEvqksO+ntBgbLep/eyjpgdplF7b+4T9VJGOA==",
      "cpu": [
        "x64"
      ],
      "dev": true,
      "optional": true,
      "os": [
        "sunos"
      ],
      "engines": {
        "node": ">=12"
      }
    },
    "node_modules/esbuild-windows-32": {
      "version": "0.14.38",
      "resolved": "https://registry.npmjs.org/esbuild-windows-32/-/esbuild-windows-32-0.14.38.tgz",
      "integrity": "sha512-L2BmEeFZATAvU+FJzJiRLFUP+d9RHN+QXpgaOrs2klshoAm1AE6Us4X6fS9k33Uy5SzScn2TpcgecbqJza1Hjw==",
      "cpu": [
        "ia32"
      ],
      "dev": true,
      "optional": true,
      "os": [
        "win32"
      ],
      "engines": {
        "node": ">=12"
      }
    },
    "node_modules/esbuild-windows-64": {
      "version": "0.14.38",
      "resolved": "https://registry.npmjs.org/esbuild-windows-64/-/esbuild-windows-64-0.14.38.tgz",
      "integrity": "sha512-Khy4wVmebnzue8aeSXLC+6clo/hRYeNIm0DyikoEqX+3w3rcvrhzpoix0S+MF9vzh6JFskkIGD7Zx47ODJNyCw==",
      "cpu": [
        "x64"
      ],
      "dev": true,
      "optional": true,
      "os": [
        "win32"
      ],
      "engines": {
        "node": ">=12"
      }
    },
    "node_modules/esbuild-windows-arm64": {
      "version": "0.14.38",
      "resolved": "https://registry.npmjs.org/esbuild-windows-arm64/-/esbuild-windows-arm64-0.14.38.tgz",
      "integrity": "sha512-k3FGCNmHBkqdJXuJszdWciAH77PukEyDsdIryEHn9cKLQFxzhT39dSumeTuggaQcXY57UlmLGIkklWZo2qzHpw==",
      "cpu": [
        "arm64"
      ],
      "dev": true,
      "optional": true,
      "os": [
        "win32"
      ],
      "engines": {
        "node": ">=12"
      }
    },
    "node_modules/fsevents": {
      "version": "2.3.2",
      "resolved": "https://registry.npmjs.org/fsevents/-/fsevents-2.3.2.tgz",
      "integrity": "sha512-xiqMQR4xAeHTuB9uWm+fFRcIOgKBMiOBP+eXiyT7jsgVCq1bkVygt00oASowB7EdtpOHaaPgKt812P9ab+DDKA==",
      "dev": true,
      "hasInstallScript": true,
      "optional": true,
      "os": [
        "darwin"
      ],
      "engines": {
        "node": "^8.16.0 || ^10.6.0 || >=11.0.0"
      }
    },
    "node_modules/function-bind": {
      "version": "1.1.1",
      "resolved": "https://registry.npmjs.org/function-bind/-/function-bind-1.1.1.tgz",
      "integrity": "sha512-yIovAzMX49sF8Yl58fSCWJ5svSLuaibPxXQJFLmBObTuCr0Mf1KiPopGM9NiFjiYBCbfaa2Fh6breQ6ANVTI0A==",
      "dev": true
    },
    "node_modules/has": {
      "version": "1.0.3",
      "resolved": "https://registry.npmjs.org/has/-/has-1.0.3.tgz",
      "integrity": "sha512-f2dvO0VU6Oej7RkWJGrehjbzMAjFp5/VKPp5tTpWIV4JHHZK1/BxbFRtf/siA2SWTe09caDmVtYYzWEIbBS4zw==",
      "dev": true,
      "dependencies": {
        "function-bind": "^1.1.1"
      },
      "engines": {
        "node": ">= 0.4.0"
      }
    },
    "node_modules/is-core-module": {
      "version": "2.9.0",
      "resolved": "https://registry.npmjs.org/is-core-module/-/is-core-module-2.9.0.tgz",
      "integrity": "sha512-+5FPy5PnwmO3lvfMb0AsoPaBG+5KHUI0wYFXOtYPnVVVspTFUuMZNfNaNVRt3FZadstu2c8x23vykRW/NBoU6A==",
      "dev": true,
      "dependencies": {
        "has": "^1.0.3"
      },
      "funding": {
        "url": "https://github.com/sponsors/ljharb"
      }
    },
    "node_modules/lodash": {
      "version": "4.17.21",
      "resolved": "https://registry.npmjs.org/lodash/-/lodash-4.17.21.tgz",
      "integrity": "sha512-v2kDEe57lecTulaDIuNTPy3Ry4gLGJ6Z1O3vE1krgXZNrsQ+LFTGHVxVjcXPs17LhbZVGedAJv8XZ1tvj5FvSg=="
    },
    "node_modules/nanoid": {
      "version": "3.3.4",
      "resolved": "https://registry.npmjs.org/nanoid/-/nanoid-3.3.4.tgz",
      "integrity": "sha512-MqBkQh/OHTS2egovRtLk45wEyNXwF+cokD+1YPf9u5VfJiRdAiRwB2froX5Co9Rh20xs4siNPm8naNotSD6RBw==",
      "dev": true,
      "bin": {
        "nanoid": "bin/nanoid.cjs"
      },
      "engines": {
        "node": "^10 || ^12 || ^13.7 || ^14 || >=15.0.1"
      }
    },
    "node_modules/path-parse": {
      "version": "1.0.7",
      "resolved": "https://registry.npmjs.org/path-parse/-/path-parse-1.0.7.tgz",
      "integrity": "sha512-LDJzPVEEEPR+y48z93A0Ed0yXb8pAByGWo/k5YYdYgpY2/2EsOsksJrq7lOHxryrVOn1ejG6oAp8ahvOIQD8sw==",
      "dev": true
    },
    "node_modules/picocolors": {
      "version": "1.0.0",
      "resolved": "https://registry.npmjs.org/picocolors/-/picocolors-1.0.0.tgz",
      "integrity": "sha512-1fygroTLlHu66zi26VoTDv8yRgm0Fccecssto+MhsZ0D/DGW2sm8E8AjW7NU5VVTRt5GxbeZ5qBuJr+HyLYkjQ==",
      "dev": true
    },
    "node_modules/postcss": {
      "version": "8.4.13",
      "resolved": "https://registry.npmjs.org/postcss/-/postcss-8.4.13.tgz",
      "integrity": "sha512-jtL6eTBrza5MPzy8oJLFuUscHDXTV5KcLlqAWHl5q5WYRfnNRGSmOZmOZ1T6Gy7A99mOZfqungmZMpMmCVJ8ZA==",
      "dev": true,
      "funding": [
        {
          "type": "opencollective",
          "url": "https://opencollective.com/postcss/"
        },
        {
          "type": "tidelift",
          "url": "https://tidelift.com/funding/github/npm/postcss"
        }
      ],
      "dependencies": {
        "nanoid": "^3.3.3",
        "picocolors": "^1.0.0",
        "source-map-js": "^1.0.2"
      },
      "engines": {
        "node": "^10 || ^12 || >=14"
      }
    },
    "node_modules/recast-detour": {
      "version": "1.5.0",
      "resolved": "https://registry.npmjs.org/recast-detour/-/recast-detour-1.5.0.tgz",
      "integrity": "sha512-vqQ4SHaBTnd7J4wuknrehcKKgT2sfhegPvtSzl9EHJ8OK3OK147FcoKucznp6q+jFgv1DowEpDHPfln9rqyWzw=="
    },
    "node_modules/resolve": {
      "version": "1.22.0",
      "resolved": "https://registry.npmjs.org/resolve/-/resolve-1.22.0.tgz",
      "integrity": "sha512-Hhtrw0nLeSrFQ7phPp4OOcVjLPIeMnRlr5mcnVuMe7M/7eBn98A3hmFRLoFo3DLZkivSYwhRUJTyPyWAk56WLw==",
      "dev": true,
      "dependencies": {
        "is-core-module": "^2.8.1",
        "path-parse": "^1.0.7",
        "supports-preserve-symlinks-flag": "^1.0.0"
      },
      "bin": {
        "resolve": "bin/resolve"
      },
      "funding": {
        "url": "https://github.com/sponsors/ljharb"
      }
    },
    "node_modules/rollup": {
      "version": "2.72.0",
      "resolved": "https://registry.npmjs.org/rollup/-/rollup-2.72.0.tgz",
      "integrity": "sha512-KqtR2YcO35/KKijg4nx4STO3569aqCUeGRkKWnJ6r+AvBBrVY9L4pmf4NHVrQr4mTOq6msbohflxr2kpihhaOA==",
      "dev": true,
      "bin": {
        "rollup": "dist/bin/rollup"
      },
      "engines": {
        "node": ">=10.0.0"
      },
      "optionalDependencies": {
        "fsevents": "~2.3.2"
      }
    },
    "node_modules/source-map-js": {
      "version": "1.0.2",
      "resolved": "https://registry.npmjs.org/source-map-js/-/source-map-js-1.0.2.tgz",
      "integrity": "sha512-R0XvVJ9WusLiqTCEiGCmICCMplcCkIwwR11mOSD9CR5u+IXYdiseeEuXCVAjS54zqwkLcPNnmU4OeJ6tUrWhDw==",
      "dev": true,
      "engines": {
        "node": ">=0.10.0"
      }
    },
    "node_modules/supports-preserve-symlinks-flag": {
      "version": "1.0.0",
      "resolved": "https://registry.npmjs.org/supports-preserve-symlinks-flag/-/supports-preserve-symlinks-flag-1.0.0.tgz",
      "integrity": "sha512-ot0WnXS9fgdkgIcePe6RHNk1WA8+muPa6cSjeR3V8K27q9BB1rTE3R1p7Hv0z1ZyAc8s6Vvv8DIyWf681MAt0w==",
      "dev": true,
      "engines": {
        "node": ">= 0.4"
      },
      "funding": {
        "url": "https://github.com/sponsors/ljharb"
      }
    },
    "node_modules/tslib": {
      "version": "2.4.0",
      "resolved": "https://registry.npmjs.org/tslib/-/tslib-2.4.0.tgz",
      "integrity": "sha512-d6xOpEDfsi2CZVlPQzGeux8XMwLT9hssAsaPYExaQMuYskwb+x1x7J371tWlbBdWHroy99KnVB6qIkUbs5X3UQ=="
    },
    "node_modules/typescript": {
      "version": "4.6.4",
      "resolved": "https://registry.npmjs.org/typescript/-/typescript-4.6.4.tgz",
      "integrity": "sha512-9ia/jWHIEbo49HfjrLGfKbZSuWo9iTMwXO+Ca3pRsSpbsMbc7/IU8NKdCZVRRBafVPGnoJeFL76ZOAA84I9fEg==",
      "dev": true,
      "bin": {
        "tsc": "bin/tsc",
        "tsserver": "bin/tsserver"
      },
      "engines": {
        "node": ">=4.2.0"
      }
    },
    "node_modules/vite": {
      "version": "2.9.8",
      "resolved": "https://registry.npmjs.org/vite/-/vite-2.9.8.tgz",
      "integrity": "sha512-zsBGwn5UT3YS0NLSJ7hnR54+vUKfgzMUh/Z9CxF1YKEBVIe213+63jrFLmZphgGI5zXwQCSmqIdbPuE8NJywPw==",
      "dev": true,
      "dependencies": {
        "esbuild": "^0.14.27",
        "postcss": "^8.4.13",
        "resolve": "^1.22.0",
        "rollup": "^2.59.0"
      },
      "bin": {
        "vite": "bin/vite.js"
      },
      "engines": {
        "node": ">=12.2.0"
      },
      "optionalDependencies": {
        "fsevents": "~2.3.2"
      },
      "peerDependencies": {
        "less": "*",
        "sass": "*",
        "stylus": "*"
      },
      "peerDependenciesMeta": {
        "less": {
          "optional": true
        },
        "sass": {
          "optional": true
        },
        "stylus": {
          "optional": true
        }
      }
    }
  },
  "dependencies": {
    "@babylonjs/core": {
      "version": "5.5.0",
      "resolved": "https://registry.npmjs.org/@babylonjs/core/-/core-5.5.0.tgz",
      "integrity": "sha512-TMGyvd+Kh1ROwygJixzSz4BzdLULbml4qkVVIxOk49sRRtn6O7wvdwXqvadnNTJZvd3NoLe7y4A68jbTU3UJig==",
      "requires": {
        "tslib": "^2.3.1"
      }
    },
    "@babylonjs/gui": {
      "version": "5.5.0",
      "resolved": "https://registry.npmjs.org/@babylonjs/gui/-/gui-5.5.0.tgz",
      "integrity": "sha512-fMJSrMDOR5LGqmbW+4qMAyx8HG3WVdICIvkxVa6fUO6rPdM7pnzuR1ievOXAX80+2wiuTvwS9xBgM1IhCU1bzQ==",
      "requires": {
        "@babylonjs/core": "^5.5.0",
        "tslib": "^2.3.1"
      }
    },
    "@babylonjs/gui-editor": {
      "version": "5.5.0",
      "resolved": "https://registry.npmjs.org/@babylonjs/gui-editor/-/gui-editor-5.5.0.tgz",
      "integrity": "sha512-Xw5qd8oX49ROmwS6asmTASnjuGyPdqw+6zPchLCKnmcF6Phnx1AbsFH7TLZ0xIZpZk2duhgSj6Z4PBV/IaNRIQ==",
      "requires": {
        "@babylonjs/core": "^5.5.0",
        "@babylonjs/gui": "^5.5.0"
      }
    },
    "@babylonjs/inspector": {
      "version": "5.5.0",
      "resolved": "https://registry.npmjs.org/@babylonjs/inspector/-/inspector-5.5.0.tgz",
      "integrity": "sha512-5wiQP1fxT0uh5WzC0porJmM4PHHNt9Czn60DEVV8aXC9R5fjlXtiNdbVSxtxB/JQ/Jh+jcx5FAIo44cV7NdpYw==",
      "requires": {
        "@babylonjs/core": "^5.5.0",
        "@babylonjs/gui": "^5.5.0",
        "@babylonjs/loaders": "^5.5.0",
        "@babylonjs/materials": "^5.5.0",
        "@babylonjs/serializers": "^5.5.0",
        "@fortawesome/fontawesome-svg-core": "^6.1.0",
        "@fortawesome/free-regular-svg-icons": "^6.0.0",
        "@fortawesome/free-solid-svg-icons": "^6.0.0"
      }
    },
    "@babylonjs/loaders": {
      "version": "5.5.0",
      "resolved": "https://registry.npmjs.org/@babylonjs/loaders/-/loaders-5.5.0.tgz",
      "integrity": "sha512-dQMxUIbtptwprEE1c/qGZY0uBWHE2DU12AuurPYoSM9ioJm/5Zcig3lmeRRZPbSrUq4sEWIYLGqgBSAEyXoa1w==",
      "requires": {
        "@babylonjs/core": "^5.5.0",
        "babylonjs-gltf2interface": "^5.5.0",
        "tslib": "^2.3.1"
      }
    },
    "@babylonjs/materials": {
      "version": "5.5.0",
      "resolved": "https://registry.npmjs.org/@babylonjs/materials/-/materials-5.5.0.tgz",
      "integrity": "sha512-hApGW24ARDVlcseuK2VgKcPPsJ+Hn4C03LeSgDD45IHPXRf14kijkXTv+qzmeIHLIYz/zSuLs/A7ZTYxg/wZbA==",
      "requires": {
        "@babylonjs/core": "^5.5.0",
        "tslib": "^2.3.1"
      }
    },
    "@babylonjs/serializers": {
      "version": "5.5.0",
      "resolved": "https://registry.npmjs.org/@babylonjs/serializers/-/serializers-5.5.0.tgz",
      "integrity": "sha512-K+MIrE7Zg8j47CMQNMwCudVv10p3Y+Vgb5tSby7UbGkMMz7ltqzr4E2VztTyfVB3HOXrnGh/BiPoqg9rqxH/Aw==",
      "requires": {
        "@babylonjs/core": "^5.5.0",
        "babylonjs-gltf2interface": "^5.5.0",
        "tslib": "^2.3.1"
      }
    },
    "@fortawesome/fontawesome-common-types": {
      "version": "6.1.1",
      "resolved": "https://registry.npmjs.org/@fortawesome/fontawesome-common-types/-/fontawesome-common-types-6.1.1.tgz",
      "integrity": "sha512-wVn5WJPirFTnzN6tR95abCx+ocH+3IFLXAgyavnf9hUmN0CfWoDjPT/BAWsUVwSlYYVBeCLJxaqi7ZGe4uSjBA=="
    },
    "@fortawesome/fontawesome-svg-core": {
      "version": "6.1.1",
      "resolved": "https://registry.npmjs.org/@fortawesome/fontawesome-svg-core/-/fontawesome-svg-core-6.1.1.tgz",
      "integrity": "sha512-NCg0w2YIp81f4V6cMGD9iomfsIj7GWrqmsa0ZsPh59G7PKiGN1KymZNxmF00ssuAlo/VZmpK6xazsGOwzKYUMg==",
      "requires": {
        "@fortawesome/fontawesome-common-types": "6.1.1"
      }
    },
    "@fortawesome/free-regular-svg-icons": {
      "version": "6.1.1",
      "resolved": "https://registry.npmjs.org/@fortawesome/free-regular-svg-icons/-/free-regular-svg-icons-6.1.1.tgz",
      "integrity": "sha512-xXiW7hcpgwmWtndKPOzG+43fPH7ZjxOaoeyooptSztGmJxCAflHZxXNK0GcT0uEsR4jTGQAfGklDZE5NHoBhKg==",
      "requires": {
        "@fortawesome/fontawesome-common-types": "6.1.1"
      }
    },
    "@fortawesome/free-solid-svg-icons": {
      "version": "6.1.1",
      "resolved": "https://registry.npmjs.org/@fortawesome/free-solid-svg-icons/-/free-solid-svg-icons-6.1.1.tgz",
      "integrity": "sha512-0/5exxavOhI/D4Ovm2r3vxNojGZioPwmFrKg0ZUH69Q68uFhFPs6+dhAToh6VEQBntxPRYPuT5Cg1tpNa9JUPg==",
      "requires": {
        "@fortawesome/fontawesome-common-types": "6.1.1"
      }
    },
    "@types/earcut": {
      "version": "2.1.1",
      "resolved": "https://registry.npmjs.org/@types/earcut/-/earcut-2.1.1.tgz",
      "integrity": "sha512-w8oigUCDjElRHRRrMvn/spybSMyX8MTkKA5Dv+tS1IE/TgmNZPqUYtvYBXGY8cieSE66gm+szeK+bnbxC2xHTQ==",
      "dev": true
    },
    "@types/prop-types": {
      "version": "15.7.5",
      "resolved": "https://registry.npmjs.org/@types/prop-types/-/prop-types-15.7.5.tgz",
      "integrity": "sha512-JCB8C6SnDoQf0cNycqd/35A7MjcnK+ZTqE7judS6o7utxUCg6imJg3QK2qzHKszlTjcj2cn+NwMB2i96ubpj7w==",
      "peer": true
    },
    "@types/react": {
      "version": "18.0.8",
      "resolved": "https://registry.npmjs.org/@types/react/-/react-18.0.8.tgz",
      "integrity": "sha512-+j2hk9BzCOrrOSJASi5XiOyBbERk9jG5O73Ya4M0env5Ixi6vUNli4qy994AINcEF+1IEHISYFfIT4zwr++LKw==",
      "peer": true,
      "requires": {
        "@types/prop-types": "*",
        "@types/scheduler": "*",
        "csstype": "^3.0.2"
      }
    },
    "@types/react-dom": {
      "version": "18.0.3",
      "resolved": "https://registry.npmjs.org/@types/react-dom/-/react-dom-18.0.3.tgz",
      "integrity": "sha512-1RRW9kst+67gveJRYPxGmVy8eVJ05O43hg77G2j5m76/RFJtMbcfAs2viQ2UNsvvDg8F7OfQZx8qQcl6ymygaQ==",
      "peer": true,
      "requires": {
        "@types/react": "*"
      }
    },
    "@types/scheduler": {
      "version": "0.16.2",
      "resolved": "https://registry.npmjs.org/@types/scheduler/-/scheduler-0.16.2.tgz",
      "integrity": "sha512-hppQEBDmlwhFAXKJX2KnWLYu5yMfi91yazPb2l+lbJiwW+wdo1gNeRA+3RgNSO39WYX2euey41KEwnqesU2Jew==",
      "peer": true
    },
    "abitbol": {
      "version": "1.2.0",
      "resolved": "https://registry.npmjs.org/abitbol/-/abitbol-1.2.0.tgz",
      "integrity": "sha1-fHtmzG5/Gj1Fh5jWDrcIiDZS7a0="
    },
    "babylon-navigation-mesh": {
      "version": "1.2.6",
      "resolved": "https://registry.npmjs.org/babylon-navigation-mesh/-/babylon-navigation-mesh-1.2.6.tgz",
      "integrity": "sha1-EIl/qIL0XSqy4i0DR6UMIP8zhzo=",
      "requires": {
        "abitbol": "^1.0.3",
        "babylonjs": "^2.3.0",
        "lodash": "^4.5.1"
      }
    },
    "babylonjs": {
      "version": "2.5.0",
      "resolved": "https://registry.npmjs.org/babylonjs/-/babylonjs-2.5.0.tgz",
      "integrity": "sha1-gucpIrbWgdRsdmrqqv2nT1cqbtM="
    },
    "babylonjs-gltf2interface": {
      "version": "5.5.0",
      "resolved": "https://registry.npmjs.org/babylonjs-gltf2interface/-/babylonjs-gltf2interface-5.5.0.tgz",
      "integrity": "sha512-H1lOFpQqOEa/ekZH/CkgJHYLnKy/3N78r9Wf7/Pt66byqpTGZ4UdbgRj9spYuMZyyJEF7eWFRKBlAl1hxcFOpA=="
    },
    "csstype": {
      "version": "3.0.11",
      "resolved": "https://registry.npmjs.org/csstype/-/csstype-3.0.11.tgz",
      "integrity": "sha512-sa6P2wJ+CAbgyy4KFssIb/JNMLxFvKF1pCYCSXS8ZMuqZnMsrxqI2E5sPyoTpxoPU/gVZMzr2zjOfg8GIZOMsw==",
      "peer": true
    },
    "earcut": {
      "version": "2.2.3",
      "resolved": "https://registry.npmjs.org/earcut/-/earcut-2.2.3.tgz",
      "integrity": "sha512-iRDI1QeCQIhMCZk48DRDMVgQSSBDmbzzNhnxIo+pwx3swkfjMh6vh0nWLq1NdvGHLKH6wIrAM3vQWeTj6qeoug=="
    },
    "esbuild": {
      "version": "0.14.38",
      "resolved": "https://registry.npmjs.org/esbuild/-/esbuild-0.14.38.tgz",
      "integrity": "sha512-12fzJ0fsm7gVZX1YQ1InkOE5f9Tl7cgf6JPYXRJtPIoE0zkWAbHdPHVPPaLi9tYAcEBqheGzqLn/3RdTOyBfcA==",
      "dev": true,
      "requires": {
        "esbuild-android-64": "0.14.38",
        "esbuild-android-arm64": "0.14.38",
        "esbuild-darwin-64": "0.14.38",
        "esbuild-darwin-arm64": "0.14.38",
        "esbuild-freebsd-64": "0.14.38",
        "esbuild-freebsd-arm64": "0.14.38",
        "esbuild-linux-32": "0.14.38",
        "esbuild-linux-64": "0.14.38",
        "esbuild-linux-arm": "0.14.38",
        "esbuild-linux-arm64": "0.14.38",
        "esbuild-linux-mips64le": "0.14.38",
        "esbuild-linux-ppc64le": "0.14.38",
        "esbuild-linux-riscv64": "0.14.38",
        "esbuild-linux-s390x": "0.14.38",
        "esbuild-netbsd-64": "0.14.38",
        "esbuild-openbsd-64": "0.14.38",
        "esbuild-sunos-64": "0.14.38",
        "esbuild-windows-32": "0.14.38",
        "esbuild-windows-64": "0.14.38",
        "esbuild-windows-arm64": "0.14.38"
      }
    },
    "esbuild-android-64": {
      "version": "0.14.38",
      "resolved": "https://registry.npmjs.org/esbuild-android-64/-/esbuild-android-64-0.14.38.tgz",
      "integrity": "sha512-aRFxR3scRKkbmNuGAK+Gee3+yFxkTJO/cx83Dkyzo4CnQl/2zVSurtG6+G86EQIZ+w+VYngVyK7P3HyTBKu3nw==",
      "dev": true,
      "optional": true
    },
    "esbuild-android-arm64": {
      "version": "0.14.38",
      "resolved": "https://registry.npmjs.org/esbuild-android-arm64/-/esbuild-android-arm64-0.14.38.tgz",
      "integrity": "sha512-L2NgQRWuHFI89IIZIlpAcINy9FvBk6xFVZ7xGdOwIm8VyhX1vNCEqUJO3DPSSy945Gzdg98cxtNt8Grv1CsyhA==",
      "dev": true,
      "optional": true
    },
    "esbuild-darwin-64": {
      "version": "0.14.38",
      "resolved": "https://registry.npmjs.org/esbuild-darwin-64/-/esbuild-darwin-64-0.14.38.tgz",
      "integrity": "sha512-5JJvgXkX87Pd1Og0u/NJuO7TSqAikAcQQ74gyJ87bqWRVeouky84ICoV4sN6VV53aTW+NE87qLdGY4QA2S7KNA==",
      "dev": true,
      "optional": true
    },
    "esbuild-darwin-arm64": {
      "version": "0.14.38",
      "resolved": "https://registry.npmjs.org/esbuild-darwin-arm64/-/esbuild-darwin-arm64-0.14.38.tgz",
      "integrity": "sha512-eqF+OejMI3mC5Dlo9Kdq/Ilbki9sQBw3QlHW3wjLmsLh+quNfHmGMp3Ly1eWm981iGBMdbtSS9+LRvR2T8B3eQ==",
      "dev": true,
      "optional": true
    },
    "esbuild-freebsd-64": {
      "version": "0.14.38",
      "resolved": "https://registry.npmjs.org/esbuild-freebsd-64/-/esbuild-freebsd-64-0.14.38.tgz",
      "integrity": "sha512-epnPbhZUt93xV5cgeY36ZxPXDsQeO55DppzsIgWM8vgiG/Rz+qYDLmh5ts3e+Ln1wA9dQ+nZmVHw+RjaW3I5Ig==",
      "dev": true,
      "optional": true
    },
    "esbuild-freebsd-arm64": {
      "version": "0.14.38",
      "resolved": "https://registry.npmjs.org/esbuild-freebsd-arm64/-/esbuild-freebsd-arm64-0.14.38.tgz",
      "integrity": "sha512-/9icXUYJWherhk+y5fjPI5yNUdFPtXHQlwP7/K/zg8t8lQdHVj20SqU9/udQmeUo5pDFHMYzcEFfJqgOVeKNNQ==",
      "dev": true,
      "optional": true
    },
    "esbuild-linux-32": {
      "version": "0.14.38",
      "resolved": "https://registry.npmjs.org/esbuild-linux-32/-/esbuild-linux-32-0.14.38.tgz",
      "integrity": "sha512-QfgfeNHRFvr2XeHFzP8kOZVnal3QvST3A0cgq32ZrHjSMFTdgXhMhmWdKzRXP/PKcfv3e2OW9tT9PpcjNvaq6g==",
      "dev": true,
      "optional": true
    },
    "esbuild-linux-64": {
      "version": "0.14.38",
      "resolved": "https://registry.npmjs.org/esbuild-linux-64/-/esbuild-linux-64-0.14.38.tgz",
      "integrity": "sha512-uuZHNmqcs+Bj1qiW9k/HZU3FtIHmYiuxZ/6Aa+/KHb/pFKr7R3aVqvxlAudYI9Fw3St0VCPfv7QBpUITSmBR1Q==",
      "dev": true,
      "optional": true
    },
    "esbuild-linux-arm": {
      "version": "0.14.38",
      "resolved": "https://registry.npmjs.org/esbuild-linux-arm/-/esbuild-linux-arm-0.14.38.tgz",
      "integrity": "sha512-FiFvQe8J3VKTDXG01JbvoVRXQ0x6UZwyrU4IaLBZeq39Bsbatd94Fuc3F1RGqPF5RbIWW7RvkVQjn79ejzysnA==",
      "dev": true,
      "optional": true
    },
    "esbuild-linux-arm64": {
      "version": "0.14.38",
      "resolved": "https://registry.npmjs.org/esbuild-linux-arm64/-/esbuild-linux-arm64-0.14.38.tgz",
      "integrity": "sha512-HlMGZTEsBrXrivr64eZ/EO0NQM8H8DuSENRok9d+Jtvq8hOLzrxfsAT9U94K3KOGk2XgCmkaI2KD8hX7F97lvA==",
      "dev": true,
      "optional": true
    },
    "esbuild-linux-mips64le": {
      "version": "0.14.38",
      "resolved": "https://registry.npmjs.org/esbuild-linux-mips64le/-/esbuild-linux-mips64le-0.14.38.tgz",
      "integrity": "sha512-qd1dLf2v7QBiI5wwfil9j0HG/5YMFBAmMVmdeokbNAMbcg49p25t6IlJFXAeLzogv1AvgaXRXvgFNhScYEUXGQ==",
      "dev": true,
      "optional": true
    },
    "esbuild-linux-ppc64le": {
      "version": "0.14.38",
      "resolved": "https://registry.npmjs.org/esbuild-linux-ppc64le/-/esbuild-linux-ppc64le-0.14.38.tgz",
      "integrity": "sha512-mnbEm7o69gTl60jSuK+nn+pRsRHGtDPfzhrqEUXyCl7CTOCLtWN2bhK8bgsdp6J/2NyS/wHBjs1x8aBWwP2X9Q==",
      "dev": true,
      "optional": true
    },
    "esbuild-linux-riscv64": {
      "version": "0.14.38",
      "resolved": "https://registry.npmjs.org/esbuild-linux-riscv64/-/esbuild-linux-riscv64-0.14.38.tgz",
      "integrity": "sha512-+p6YKYbuV72uikChRk14FSyNJZ4WfYkffj6Af0/Tw63/6TJX6TnIKE+6D3xtEc7DeDth1fjUOEqm+ApKFXbbVQ==",
      "dev": true,
      "optional": true
    },
    "esbuild-linux-s390x": {
      "version": "0.14.38",
      "resolved": "https://registry.npmjs.org/esbuild-linux-s390x/-/esbuild-linux-s390x-0.14.38.tgz",
      "integrity": "sha512-0zUsiDkGJiMHxBQ7JDU8jbaanUY975CdOW1YDrurjrM0vWHfjv9tLQsW9GSyEb/heSK1L5gaweRjzfUVBFoybQ==",
      "dev": true,
      "optional": true
    },
    "esbuild-netbsd-64": {
      "version": "0.14.38",
      "resolved": "https://registry.npmjs.org/esbuild-netbsd-64/-/esbuild-netbsd-64-0.14.38.tgz",
      "integrity": "sha512-cljBAApVwkpnJZfnRVThpRBGzCi+a+V9Ofb1fVkKhtrPLDYlHLrSYGtmnoTVWDQdU516qYI8+wOgcGZ4XIZh0Q==",
      "dev": true,
      "optional": true
    },
    "esbuild-openbsd-64": {
      "version": "0.14.38",
      "resolved": "https://registry.npmjs.org/esbuild-openbsd-64/-/esbuild-openbsd-64-0.14.38.tgz",
      "integrity": "sha512-CDswYr2PWPGEPpLDUO50mL3WO/07EMjnZDNKpmaxUPsrW+kVM3LoAqr/CE8UbzugpEiflYqJsGPLirThRB18IQ==",
      "dev": true,
      "optional": true
    },
    "esbuild-sunos-64": {
      "version": "0.14.38",
      "resolved": "https://registry.npmjs.org/esbuild-sunos-64/-/esbuild-sunos-64-0.14.38.tgz",
      "integrity": "sha512-2mfIoYW58gKcC3bck0j7lD3RZkqYA7MmujFYmSn9l6TiIcAMpuEvqksO+ntBgbLep/eyjpgdplF7b+4T9VJGOA==",
      "dev": true,
      "optional": true
    },
    "esbuild-windows-32": {
      "version": "0.14.38",
      "resolved": "https://registry.npmjs.org/esbuild-windows-32/-/esbuild-windows-32-0.14.38.tgz",
      "integrity": "sha512-L2BmEeFZATAvU+FJzJiRLFUP+d9RHN+QXpgaOrs2klshoAm1AE6Us4X6fS9k33Uy5SzScn2TpcgecbqJza1Hjw==",
      "dev": true,
      "optional": true
    },
    "esbuild-windows-64": {
      "version": "0.14.38",
      "resolved": "https://registry.npmjs.org/esbuild-windows-64/-/esbuild-windows-64-0.14.38.tgz",
      "integrity": "sha512-Khy4wVmebnzue8aeSXLC+6clo/hRYeNIm0DyikoEqX+3w3rcvrhzpoix0S+MF9vzh6JFskkIGD7Zx47ODJNyCw==",
      "dev": true,
      "optional": true
    },
    "esbuild-windows-arm64": {
      "version": "0.14.38",
      "resolved": "https://registry.npmjs.org/esbuild-windows-arm64/-/esbuild-windows-arm64-0.14.38.tgz",
      "integrity": "sha512-k3FGCNmHBkqdJXuJszdWciAH77PukEyDsdIryEHn9cKLQFxzhT39dSumeTuggaQcXY57UlmLGIkklWZo2qzHpw==",
      "dev": true,
      "optional": true
    },
    "fsevents": {
      "version": "2.3.2",
      "resolved": "https://registry.npmjs.org/fsevents/-/fsevents-2.3.2.tgz",
      "integrity": "sha512-xiqMQR4xAeHTuB9uWm+fFRcIOgKBMiOBP+eXiyT7jsgVCq1bkVygt00oASowB7EdtpOHaaPgKt812P9ab+DDKA==",
      "dev": true,
      "optional": true
    },
    "function-bind": {
      "version": "1.1.1",
      "resolved": "https://registry.npmjs.org/function-bind/-/function-bind-1.1.1.tgz",
      "integrity": "sha512-yIovAzMX49sF8Yl58fSCWJ5svSLuaibPxXQJFLmBObTuCr0Mf1KiPopGM9NiFjiYBCbfaa2Fh6breQ6ANVTI0A==",
      "dev": true
    },
    "has": {
      "version": "1.0.3",
      "resolved": "https://registry.npmjs.org/has/-/has-1.0.3.tgz",
      "integrity": "sha512-f2dvO0VU6Oej7RkWJGrehjbzMAjFp5/VKPp5tTpWIV4JHHZK1/BxbFRtf/siA2SWTe09caDmVtYYzWEIbBS4zw==",
      "dev": true,
      "requires": {
        "function-bind": "^1.1.1"
      }
    },
    "is-core-module": {
      "version": "2.9.0",
      "resolved": "https://registry.npmjs.org/is-core-module/-/is-core-module-2.9.0.tgz",
      "integrity": "sha512-+5FPy5PnwmO3lvfMb0AsoPaBG+5KHUI0wYFXOtYPnVVVspTFUuMZNfNaNVRt3FZadstu2c8x23vykRW/NBoU6A==",
      "dev": true,
      "requires": {
        "has": "^1.0.3"
      }
    },
    "lodash": {
      "version": "4.17.21",
      "resolved": "https://registry.npmjs.org/lodash/-/lodash-4.17.21.tgz",
      "integrity": "sha512-v2kDEe57lecTulaDIuNTPy3Ry4gLGJ6Z1O3vE1krgXZNrsQ+LFTGHVxVjcXPs17LhbZVGedAJv8XZ1tvj5FvSg=="
    },
    "nanoid": {
      "version": "3.3.4",
      "resolved": "https://registry.npmjs.org/nanoid/-/nanoid-3.3.4.tgz",
      "integrity": "sha512-MqBkQh/OHTS2egovRtLk45wEyNXwF+cokD+1YPf9u5VfJiRdAiRwB2froX5Co9Rh20xs4siNPm8naNotSD6RBw==",
      "dev": true
    },
    "path-parse": {
      "version": "1.0.7",
      "resolved": "https://registry.npmjs.org/path-parse/-/path-parse-1.0.7.tgz",
      "integrity": "sha512-LDJzPVEEEPR+y48z93A0Ed0yXb8pAByGWo/k5YYdYgpY2/2EsOsksJrq7lOHxryrVOn1ejG6oAp8ahvOIQD8sw==",
      "dev": true
    },
    "picocolors": {
      "version": "1.0.0",
      "resolved": "https://registry.npmjs.org/picocolors/-/picocolors-1.0.0.tgz",
      "integrity": "sha512-1fygroTLlHu66zi26VoTDv8yRgm0Fccecssto+MhsZ0D/DGW2sm8E8AjW7NU5VVTRt5GxbeZ5qBuJr+HyLYkjQ==",
      "dev": true
    },
    "postcss": {
      "version": "8.4.13",
      "resolved": "https://registry.npmjs.org/postcss/-/postcss-8.4.13.tgz",
      "integrity": "sha512-jtL6eTBrza5MPzy8oJLFuUscHDXTV5KcLlqAWHl5q5WYRfnNRGSmOZmOZ1T6Gy7A99mOZfqungmZMpMmCVJ8ZA==",
      "dev": true,
      "requires": {
        "nanoid": "^3.3.3",
        "picocolors": "^1.0.0",
        "source-map-js": "^1.0.2"
      }
    },
    "recast-detour": {
      "version": "1.5.0",
      "resolved": "https://registry.npmjs.org/recast-detour/-/recast-detour-1.5.0.tgz",
      "integrity": "sha512-vqQ4SHaBTnd7J4wuknrehcKKgT2sfhegPvtSzl9EHJ8OK3OK147FcoKucznp6q+jFgv1DowEpDHPfln9rqyWzw=="
    },
    "resolve": {
      "version": "1.22.0",
      "resolved": "https://registry.npmjs.org/resolve/-/resolve-1.22.0.tgz",
      "integrity": "sha512-Hhtrw0nLeSrFQ7phPp4OOcVjLPIeMnRlr5mcnVuMe7M/7eBn98A3hmFRLoFo3DLZkivSYwhRUJTyPyWAk56WLw==",
      "dev": true,
      "requires": {
        "is-core-module": "^2.8.1",
        "path-parse": "^1.0.7",
        "supports-preserve-symlinks-flag": "^1.0.0"
      }
    },
    "rollup": {
      "version": "2.72.0",
      "resolved": "https://registry.npmjs.org/rollup/-/rollup-2.72.0.tgz",
      "integrity": "sha512-KqtR2YcO35/KKijg4nx4STO3569aqCUeGRkKWnJ6r+AvBBrVY9L4pmf4NHVrQr4mTOq6msbohflxr2kpihhaOA==",
      "dev": true,
      "requires": {
        "fsevents": "~2.3.2"
      }
    },
    "source-map-js": {
      "version": "1.0.2",
      "resolved": "https://registry.npmjs.org/source-map-js/-/source-map-js-1.0.2.tgz",
      "integrity": "sha512-R0XvVJ9WusLiqTCEiGCmICCMplcCkIwwR11mOSD9CR5u+IXYdiseeEuXCVAjS54zqwkLcPNnmU4OeJ6tUrWhDw==",
      "dev": true
    },
    "supports-preserve-symlinks-flag": {
      "version": "1.0.0",
      "resolved": "https://registry.npmjs.org/supports-preserve-symlinks-flag/-/supports-preserve-symlinks-flag-1.0.0.tgz",
      "integrity": "sha512-ot0WnXS9fgdkgIcePe6RHNk1WA8+muPa6cSjeR3V8K27q9BB1rTE3R1p7Hv0z1ZyAc8s6Vvv8DIyWf681MAt0w==",
      "dev": true
    },
    "tslib": {
      "version": "2.4.0",
      "resolved": "https://registry.npmjs.org/tslib/-/tslib-2.4.0.tgz",
      "integrity": "sha512-d6xOpEDfsi2CZVlPQzGeux8XMwLT9hssAsaPYExaQMuYskwb+x1x7J371tWlbBdWHroy99KnVB6qIkUbs5X3UQ=="
    },
    "typescript": {
      "version": "4.6.4",
      "resolved": "https://registry.npmjs.org/typescript/-/typescript-4.6.4.tgz",
      "integrity": "sha512-9ia/jWHIEbo49HfjrLGfKbZSuWo9iTMwXO+Ca3pRsSpbsMbc7/IU8NKdCZVRRBafVPGnoJeFL76ZOAA84I9fEg==",
      "dev": true
    },
    "vite": {
      "version": "2.9.8",
      "resolved": "https://registry.npmjs.org/vite/-/vite-2.9.8.tgz",
      "integrity": "sha512-zsBGwn5UT3YS0NLSJ7hnR54+vUKfgzMUh/Z9CxF1YKEBVIe213+63jrFLmZphgGI5zXwQCSmqIdbPuE8NJywPw==",
      "dev": true,
      "requires": {
        "esbuild": "^0.14.27",
        "fsevents": "~2.3.2",
        "postcss": "^8.4.13",
        "resolve": "^1.22.0",
        "rollup": "^2.59.0"
      }
    }
  }
}
